<?xml version="1.0" encoding="utf-8"?>
<Project ToolsVersion="4.0" xmlns="http://schemas.microsoft.com/developer/msbuild/2003">
  <ItemGroup>
    <Filter Include="Form Files">
      <UniqueIdentifier>{99349809-55BA-4b9d-BF79-8FDBB0286EB3}</UniqueIdentifier>
      <Extensions>ui</Extensions>
      <ParseFiles>false</ParseFiles>
    </Filter>
    <Filter Include="Form Files">
      <UniqueIdentifier>{99349809-55BA-4b9d-BF79-8FDBB0286EB3}</UniqueIdentifier>
      <Extensions>ui</Extensions>
      <ParseFiles>false</ParseFiles>
    </Filter>
    <Filter Include="Generated Files">
      <UniqueIdentifier>{71ED8ED8-ACB9-4CE9-BBE1-E00B30144E11}</UniqueIdentifier>
      <Extensions>cpp;c;cxx;moc;h;def;odl;idl;res;</Extensions>
    </Filter>
    <Filter Include="Generated Files">
      <UniqueIdentifier>{71ED8ED8-ACB9-4CE9-BBE1-E00B30144E11}</UniqueIdentifier>
      <Extensions>cpp;c;cxx;moc;h;def;odl;idl;res;</Extensions>
    </Filter>
    <Filter Include="Header Files">
      <UniqueIdentifier>{93995380-89BD-4b04-88EB-625FBE52EBFB}</UniqueIdentifier>
      <Extensions>h;hpp;hxx;hm;inl;inc;xsd</Extensions>
    </Filter>
    <Filter Include="Header Files">
      <UniqueIdentifier>{93995380-89BD-4b04-88EB-625FBE52EBFB}</UniqueIdentifier>
      <Extensions>h;hpp;hxx;hm;inl;inc;xsd</Extensions>
    </Filter>
    <Filter Include="Resource Files">
      <UniqueIdentifier>{D9D6E242-F8AF-46E4-B9FD-80ECBC20BA3E}</UniqueIdentifier>
      <Extensions>qrc;*</Extensions>
      <ParseFiles>false</ParseFiles>
    </Filter>
    <Filter Include="Resource Files">
      <UniqueIdentifier>{D9D6E242-F8AF-46E4-B9FD-80ECBC20BA3E}</UniqueIdentifier>
      <Extensions>qrc;*</Extensions>
      <ParseFiles>false</ParseFiles>
    </Filter>
    <Filter Include="Source Files">
      <UniqueIdentifier>{4FC737F1-C7A5-4376-A066-2A32D752A2FF}</UniqueIdentifier>
      <Extensions>cpp;c;cxx;def;odl;idl;hpj;bat;asm;asmx</Extensions>
    </Filter>
    <Filter Include="Source Files">
      <UniqueIdentifier>{4FC737F1-C7A5-4376-A066-2A32D752A2FF}</UniqueIdentifier>
      <Extensions>cpp;c;cxx;def;odl;idl;hpj;bat;asm;asmx</Extensions>
    </Filter>
  </ItemGroup>
  <ItemGroup>
    <ClCompile Include="3DFeatureExtract\Bitmap.cpp">
      <Filter>Source Files</Filter>
    </ClCompile>
    <ClCompile Include="3DFeatureExtract\Circularity.cpp">
      <Filter>Source Files</Filter>
    </ClCompile>
    <ClCompile Include="3DFeatureExtract\ColorDescriptor.cpp">
      <Filter>Source Files</Filter>
    </ClCompile>
    <ClCompile Include="3DFeatureExtract\CompactColor.c">
      <Filter>Source Files</Filter>
    </ClCompile>
    <ClCompile Include="3DFeatureExtract\Convert.cpp">
      <Filter>Source Files</Filter>
    </ClCompile>
    <ClCompile Include="ImageSeg\CvvImage.cpp">
      <Filter>Source Files</Filter>
    </ClCompile>
    <ClCompile Include="3DFeatureExtract\Eccentricity.cpp">
      <Filter>Source Files</Filter>
    </ClCompile>
    <ClCompile Include="3DFeatureExtract\Edge.cpp">
      <Filter>Source Files</Filter>
    </ClCompile>
    <ClCompile Include="3DFeatureExtract\FeatureExtract.cpp">
      <Filter>Source Files</Filter>
    </ClCompile>
    <ClCompile Include="3DFeatureExtract\FourierDescriptor.cpp">
      <Filter>Source Files</Filter>
    </ClCompile>
    <ClCompile Include="trimesh\GLCamera.cc">
      <Filter>Source Files</Filter>
    </ClCompile>
    <ClCompile Include="Global.cpp">
      <Filter>Source Files</Filter>
    </ClCompile>
    <ClCompile Include="trimesh\ICP.cc">
      <Filter>Source Files</Filter>
    </ClCompile>
    <ClCompile Include="trimesh\KDtree.cc">
      <Filter>Source Files</Filter>
    </ClCompile>
    <ClCompile Include="3DFeatureExtract\MORPHOLOGY.cpp">
      <Filter>Source Files</Filter>
    </ClCompile>
    <ClCompile Include="Material.cpp">
      <Filter>Source Files</Filter>
    </ClCompile>
    <ClCompile Include="MathLib.cpp">
      <Filter>Source Files</Filter>
    </ClCompile>
    <ClCompile Include="ImageSeg\MeanShift.cpp">
      <Filter>Source Files</Filter>
    </ClCompile>
    <ClCompile Include="Model.cpp">
      <Filter>Source Files</Filter>
    </ClCompile>
    <ClCompile Include="QModelListDialog.cpp">
      <Filter>Source Files</Filter>
    </ClCompile>
    <ClCompile Include="QPictureDisplay.cpp">
      <Filter>Source Files</Filter>
    </ClCompile>
    <ClCompile Include="QSceneDisplay.cpp">
      <Filter>Source Files</Filter>
    </ClCompile>
    <ClCompile Include="QSearchListDisplay.cpp">
      <Filter>Source Files</Filter>
    </ClCompile>
    <ClCompile Include="QSegPictureDisplay.cpp">
      <Filter>Source Files</Filter>
    </ClCompile>
    <ClCompile Include="QSetRelationDialog.cpp">
      <Filter>Source Files</Filter>
    </ClCompile>
    <ClCompile Include="QTagDisplay.cpp">
      <Filter>Source Files</Filter>
    </ClCompile>
    <ClCompile Include="3DFeatureExtract\RWObj.cpp">
      <Filter>Source Files</Filter>
    </ClCompile>
    <ClCompile Include="3DFeatureExtract\RecovAffine.cpp">
      <Filter>Source Files</Filter>
    </ClCompile>
    <ClCompile Include="3DFeatureExtract\RegionShape.cpp">
      <Filter>Source Files</Filter>
    </ClCompile>
    <ClCompile Include="3DFeatureExtract\Rotate.cpp">
      <Filter>Source Files</Filter>
    </ClCompile>
    <ClCompile Include="Scene.cpp">
      <Filter>Source Files</Filter>
    </ClCompile>
    <ClCompile Include="ImageSeg\SegObject.cpp">
      <Filter>Source Files</Filter>
    </ClCompile>
    <ClCompile Include="3DFeatureExtract\TraceContour.cpp">
      <Filter>Source Files</Filter>
    </ClCompile>
    <ClCompile Include="3DFeatureExtract\TranslateScale.cpp">
      <Filter>Source Files</Filter>
    </ClCompile>
    <ClCompile Include="trimesh\TriMesh_bounding.cc">
      <Filter>Source Files</Filter>
    </ClCompile>
    <ClCompile Include="trimesh\TriMesh_connectivity.cc">
      <Filter>Source Files</Filter>
    </ClCompile>
    <ClCompile Include="trimesh\TriMesh_curvature.cc">
      <Filter>Source Files</Filter>
    </ClCompile>
    <ClCompile Include="trimesh\TriMesh_grid.cc">
      <Filter>Source Files</Filter>
    </ClCompile>
    <ClCompile Include="trimesh\TriMesh_io.cc">
      <Filter>Source Files</Filter>
    </ClCompile>
    <ClCompile Include="trimesh\TriMesh_normals.cc">
      <Filter>Source Files</Filter>
    </ClCompile>
    <ClCompile Include="trimesh\TriMesh_pointareas.cc">
      <Filter>Source Files</Filter>
    </ClCompile>
    <ClCompile Include="trimesh\TriMesh_stats.cc">
      <Filter>Source Files</Filter>
    </ClCompile>
    <ClCompile Include="trimesh\TriMesh_tstrips.cc">
      <Filter>Source Files</Filter>
    </ClCompile>
    <ClCompile Include="3DFeatureExtract\fftw\config.cpp">
      <Filter>Source Files</Filter>
    </ClCompile>
    <ClCompile Include="trimesh\conn_comps.cc">
      <Filter>Source Files</Filter>
    </ClCompile>
    <ClCompile Include="trimesh\diffuse.cc">
      <Filter>Source Files</Filter>
    </ClCompile>
    <ClCompile Include="trimesh\edgeflip.cc">
      <Filter>Source Files</Filter>
    </ClCompile>
    <ClCompile Include="3DFeatureExtract\fftw\executor.cpp">
      <Filter>Source Files</Filter>
    </ClCompile>
    <ClCompile Include="trimesh\faceflip.cc">
      <Filter>Source Files</Filter>
    </ClCompile>
    <ClCompile Include="3DFeatureExtract\fftw\fcr_1.cpp">
      <Filter>Source Files</Filter>
    </ClCompile>
    <ClCompile Include="3DFeatureExtract\fftw\fcr_10.cpp">
      <Filter>Source Files</Filter>
    </ClCompile>
    <ClCompile Include="3DFeatureExtract\fftw\fcr_11.cpp">
      <Filter>Source Files</Filter>
    </ClCompile>
    <ClCompile Include="3DFeatureExtract\fftw\fcr_12.cpp">
      <Filter>Source Files</Filter>
    </ClCompile>
    <ClCompile Include="3DFeatureExtract\fftw\fcr_128.cpp">
      <Filter>Source Files</Filter>
    </ClCompile>
    <ClCompile Include="3DFeatureExtract\fftw\fcr_13.cpp">
      <Filter>Source Files</Filter>
    </ClCompile>
    <ClCompile Include="3DFeatureExtract\fftw\fcr_14.cpp">
      <Filter>Source Files</Filter>
    </ClCompile>
    <ClCompile Include="3DFeatureExtract\fftw\fcr_15.cpp">
      <Filter>Source Files</Filter>
    </ClCompile>
    <ClCompile Include="3DFeatureExtract\fftw\fcr_16.cpp">
      <Filter>Source Files</Filter>
    </ClCompile>
    <ClCompile Include="3DFeatureExtract\fftw\fcr_2.cpp">
      <Filter>Source Files</Filter>
    </ClCompile>
    <ClCompile Include="3DFeatureExtract\fftw\fcr_3.cpp">
      <Filter>Source Files</Filter>
    </ClCompile>
    <ClCompile Include="3DFeatureExtract\fftw\fcr_32.cpp">
      <Filter>Source Files</Filter>
    </ClCompile>
    <ClCompile Include="3DFeatureExtract\fftw\fcr_4.cpp">
      <Filter>Source Files</Filter>
    </ClCompile>
    <ClCompile Include="3DFeatureExtract\fftw\fcr_5.cpp">
      <Filter>Source Files</Filter>
    </ClCompile>
    <ClCompile Include="3DFeatureExtract\fftw\fcr_6.cpp">
      <Filter>Source Files</Filter>
    </ClCompile>
    <ClCompile Include="3DFeatureExtract\fftw\fcr_64.cpp">
      <Filter>Source Files</Filter>
    </ClCompile>
    <ClCompile Include="3DFeatureExtract\fftw\fcr_7.cpp">
      <Filter>Source Files</Filter>
    </ClCompile>
    <ClCompile Include="3DFeatureExtract\fftw\fcr_8.cpp">
      <Filter>Source Files</Filter>
    </ClCompile>
    <ClCompile Include="3DFeatureExtract\fftw\fcr_9.cpp">
      <Filter>Source Files</Filter>
    </ClCompile>
    <ClCompile Include="3DFeatureExtract\fftw\fftwf77.cpp">
      <Filter>Source Files</Filter>
    </ClCompile>
    <ClCompile Include="3DFeatureExtract\fftw\fftwnd.cpp">
      <Filter>Source Files</Filter>
    </ClCompile>
    <ClCompile Include="3DFeatureExtract\fftw\fhb_10.cpp">
      <Filter>Source Files</Filter>
    </ClCompile>
    <ClCompile Include="3DFeatureExtract\fftw\fhb_16.cpp">
      <Filter>Source Files</Filter>
    </ClCompile>
    <ClCompile Include="3DFeatureExtract\fftw\fhb_2.cpp">
      <Filter>Source Files</Filter>
    </ClCompile>
    <ClCompile Include="3DFeatureExtract\fftw\fhb_3.cpp">
      <Filter>Source Files</Filter>
    </ClCompile>
    <ClCompile Include="3DFeatureExtract\fftw\fhb_32.cpp">
      <Filter>Source Files</Filter>
    </ClCompile>
    <ClCompile Include="3DFeatureExtract\fftw\fhb_4.cpp">
      <Filter>Source Files</Filter>
    </ClCompile>
    <ClCompile Include="3DFeatureExtract\fftw\fhb_5.cpp">
      <Filter>Source Files</Filter>
    </ClCompile>
    <ClCompile Include="3DFeatureExtract\fftw\fhb_6.cpp">
      <Filter>Source Files</Filter>
    </ClCompile>
    <ClCompile Include="3DFeatureExtract\fftw\fhb_7.cpp">
      <Filter>Source Files</Filter>
    </ClCompile>
    <ClCompile Include="3DFeatureExtract\fftw\fhb_8.cpp">
      <Filter>Source Files</Filter>
    </ClCompile>
    <ClCompile Include="3DFeatureExtract\fftw\fhb_9.cpp">
      <Filter>Source Files</Filter>
    </ClCompile>
    <ClCompile Include="3DFeatureExtract\fftw\fhf_10.cpp">
      <Filter>Source Files</Filter>
    </ClCompile>
    <ClCompile Include="3DFeatureExtract\fftw\fhf_16.cpp">
      <Filter>Source Files</Filter>
    </ClCompile>
    <ClCompile Include="3DFeatureExtract\fftw\fhf_2.cpp">
      <Filter>Source Files</Filter>
    </ClCompile>
    <ClCompile Include="3DFeatureExtract\fftw\fhf_3.cpp">
      <Filter>Source Files</Filter>
    </ClCompile>
    <ClCompile Include="3DFeatureExtract\fftw\fhf_32.cpp">
      <Filter>Source Files</Filter>
    </ClCompile>
    <ClCompile Include="3DFeatureExtract\fftw\fhf_4.cpp">
      <Filter>Source Files</Filter>
    </ClCompile>
    <ClCompile Include="3DFeatureExtract\fftw\fhf_5.cpp">
      <Filter>Source Files</Filter>
    </ClCompile>
    <ClCompile Include="3DFeatureExtract\fftw\fhf_6.cpp">
      <Filter>Source Files</Filter>
    </ClCompile>
    <ClCompile Include="3DFeatureExtract\fftw\fhf_7.cpp">
      <Filter>Source Files</Filter>
    </ClCompile>
    <ClCompile Include="3DFeatureExtract\fftw\fhf_8.cpp">
      <Filter>Source Files</Filter>
    </ClCompile>
    <ClCompile Include="3DFeatureExtract\fftw\fhf_9.cpp">
      <Filter>Source Files</Filter>
    </ClCompile>
    <ClCompile Include="trimesh\filter.cc">
      <Filter>Source Files</Filter>
    </ClCompile>
    <ClCompile Include="3DFeatureExtract\fftw\fn_1.cpp">
      <Filter>Source Files</Filter>
    </ClCompile>
    <ClCompile Include="3DFeatureExtract\fftw\fn_10.cpp">
      <Filter>Source Files</Filter>
    </ClCompile>
    <ClCompile Include="3DFeatureExtract\fftw\fn_11.cpp">
      <Filter>Source Files</Filter>
    </ClCompile>
    <ClCompile Include="3DFeatureExtract\fftw\fn_12.cpp">
      <Filter>Source Files</Filter>
    </ClCompile>
    <ClCompile Include="3DFeatureExtract\fftw\fn_13.cpp">
      <Filter>Source Files</Filter>
    </ClCompile>
    <ClCompile Include="3DFeatureExtract\fftw\fn_14.cpp">
      <Filter>Source Files</Filter>
    </ClCompile>
    <ClCompile Include="3DFeatureExtract\fftw\fn_15.cpp">
      <Filter>Source Files</Filter>
    </ClCompile>
    <ClCompile Include="3DFeatureExtract\fftw\fn_16.cpp">
      <Filter>Source Files</Filter>
    </ClCompile>
    <ClCompile Include="3DFeatureExtract\fftw\fn_2.cpp">
      <Filter>Source Files</Filter>
    </ClCompile>
    <ClCompile Include="3DFeatureExtract\fftw\fn_3.cpp">
      <Filter>Source Files</Filter>
    </ClCompile>
    <ClCompile Include="3DFeatureExtract\fftw\fn_32.cpp">
      <Filter>Source Files</Filter>
    </ClCompile>
    <ClCompile Include="3DFeatureExtract\fftw\fn_4.cpp">
      <Filter>Source Files</Filter>
    </ClCompile>
    <ClCompile Include="3DFeatureExtract\fftw\fn_5.cpp">
      <Filter>Source Files</Filter>
    </ClCompile>
    <ClCompile Include="3DFeatureExtract\fftw\fn_6.cpp">
      <Filter>Source Files</Filter>
    </ClCompile>
    <ClCompile Include="3DFeatureExtract\fftw\fn_64.cpp">
      <Filter>Source Files</Filter>
    </ClCompile>
    <ClCompile Include="3DFeatureExtract\fftw\fn_7.cpp">
      <Filter>Source Files</Filter>
    </ClCompile>
    <ClCompile Include="3DFeatureExtract\fftw\fn_8.cpp">
      <Filter>Source Files</Filter>
    </ClCompile>
    <ClCompile Include="3DFeatureExtract\fftw\fn_9.cpp">
      <Filter>Source Files</Filter>
    </ClCompile>
    <ClCompile Include="3DFeatureExtract\fftw\fni_1.cpp">
      <Filter>Source Files</Filter>
    </ClCompile>
    <ClCompile Include="3DFeatureExtract\fftw\fni_10.cpp">
      <Filter>Source Files</Filter>
    </ClCompile>
    <ClCompile Include="3DFeatureExtract\fftw\fni_11.cpp">
      <Filter>Source Files</Filter>
    </ClCompile>
    <ClCompile Include="3DFeatureExtract\fftw\fni_12.cpp">
      <Filter>Source Files</Filter>
    </ClCompile>
    <ClCompile Include="3DFeatureExtract\fftw\fni_13.cpp">
      <Filter>Source Files</Filter>
    </ClCompile>
    <ClCompile Include="3DFeatureExtract\fftw\fni_14.cpp">
      <Filter>Source Files</Filter>
    </ClCompile>
    <ClCompile Include="3DFeatureExtract\fftw\fni_15.cpp">
      <Filter>Source Files</Filter>
    </ClCompile>
    <ClCompile Include="3DFeatureExtract\fftw\fni_16.cpp">
      <Filter>Source Files</Filter>
    </ClCompile>
    <ClCompile Include="3DFeatureExtract\fftw\fni_2.cpp">
      <Filter>Source Files</Filter>
    </ClCompile>
    <ClCompile Include="3DFeatureExtract\fftw\fni_3.cpp">
      <Filter>Source Files</Filter>
    </ClCompile>
    <ClCompile Include="3DFeatureExtract\fftw\fni_32.cpp">
      <Filter>Source Files</Filter>
    </ClCompile>
    <ClCompile Include="3DFeatureExtract\fftw\fni_4.cpp">
      <Filter>Source Files</Filter>
    </ClCompile>
    <ClCompile Include="3DFeatureExtract\fftw\fni_5.cpp">
      <Filter>Source Files</Filter>
    </ClCompile>
    <ClCompile Include="3DFeatureExtract\fftw\fni_6.cpp">
      <Filter>Source Files</Filter>
    </ClCompile>
    <ClCompile Include="3DFeatureExtract\fftw\fni_64.cpp">
      <Filter>Source Files</Filter>
    </ClCompile>
    <ClCompile Include="3DFeatureExtract\fftw\fni_7.cpp">
      <Filter>Source Files</Filter>
    </ClCompile>
    <ClCompile Include="3DFeatureExtract\fftw\fni_8.cpp">
      <Filter>Source Files</Filter>
    </ClCompile>
    <ClCompile Include="3DFeatureExtract\fftw\fni_9.cpp">
      <Filter>Source Files</Filter>
    </ClCompile>
    <ClCompile Include="3DFeatureExtract\fftw\frc_1.cpp">
      <Filter>Source Files</Filter>
    </ClCompile>
    <ClCompile Include="3DFeatureExtract\fftw\frc_10.cpp">
      <Filter>Source Files</Filter>
    </ClCompile>
    <ClCompile Include="3DFeatureExtract\fftw\frc_11.cpp">
      <Filter>Source Files</Filter>
    </ClCompile>
    <ClCompile Include="3DFeatureExtract\fftw\frc_12.cpp">
      <Filter>Source Files</Filter>
    </ClCompile>
    <ClCompile Include="3DFeatureExtract\fftw\frc_128.cpp">
      <Filter>Source Files</Filter>
    </ClCompile>
    <ClCompile Include="3DFeatureExtract\fftw\frc_13.cpp">
      <Filter>Source Files</Filter>
    </ClCompile>
    <ClCompile Include="3DFeatureExtract\fftw\frc_14.cpp">
      <Filter>Source Files</Filter>
    </ClCompile>
    <ClCompile Include="3DFeatureExtract\fftw\frc_15.cpp">
      <Filter>Source Files</Filter>
    </ClCompile>
    <ClCompile Include="3DFeatureExtract\fftw\frc_16.cpp">
      <Filter>Source Files</Filter>
    </ClCompile>
    <ClCompile Include="3DFeatureExtract\fftw\frc_2.cpp">
      <Filter>Source Files</Filter>
    </ClCompile>
    <ClCompile Include="3DFeatureExtract\fftw\frc_3.cpp">
      <Filter>Source Files</Filter>
    </ClCompile>
    <ClCompile Include="3DFeatureExtract\fftw\frc_32.cpp">
      <Filter>Source Files</Filter>
    </ClCompile>
    <ClCompile Include="3DFeatureExtract\fftw\frc_4.cpp">
      <Filter>Source Files</Filter>
    </ClCompile>
    <ClCompile Include="3DFeatureExtract\fftw\frc_5.cpp">
      <Filter>Source Files</Filter>
    </ClCompile>
    <ClCompile Include="3DFeatureExtract\fftw\frc_6.cpp">
      <Filter>Source Files</Filter>
    </ClCompile>
    <ClCompile Include="3DFeatureExtract\fftw\frc_64.cpp">
      <Filter>Source Files</Filter>
    </ClCompile>
    <ClCompile Include="3DFeatureExtract\fftw\frc_7.cpp">
      <Filter>Source Files</Filter>
    </ClCompile>
    <ClCompile Include="3DFeatureExtract\fftw\frc_8.cpp">
      <Filter>Source Files</Filter>
    </ClCompile>
    <ClCompile Include="3DFeatureExtract\fftw\frc_9.cpp">
      <Filter>Source Files</Filter>
    </ClCompile>
    <ClCompile Include="3DFeatureExtract\fftw\ftw_10.cpp">
      <Filter>Source Files</Filter>
    </ClCompile>
    <ClCompile Include="3DFeatureExtract\fftw\ftw_16.cpp">
      <Filter>Source Files</Filter>
    </ClCompile>
    <ClCompile Include="3DFeatureExtract\fftw\ftw_2.cpp">
      <Filter>Source Files</Filter>
    </ClCompile>
    <ClCompile Include="3DFeatureExtract\fftw\ftw_3.cpp">
      <Filter>Source Files</Filter>
    </ClCompile>
    <ClCompile Include="3DFeatureExtract\fftw\ftw_32.cpp">
      <Filter>Source Files</Filter>
    </ClCompile>
    <ClCompile Include="3DFeatureExtract\fftw\ftw_4.cpp">
      <Filter>Source Files</Filter>
    </ClCompile>
    <ClCompile Include="3DFeatureExtract\fftw\ftw_5.cpp">
      <Filter>Source Files</Filter>
    </ClCompile>
    <ClCompile Include="3DFeatureExtract\fftw\ftw_6.cpp">
      <Filter>Source Files</Filter>
    </ClCompile>
    <ClCompile Include="3DFeatureExtract\fftw\ftw_64.cpp">
      <Filter>Source Files</Filter>
    </ClCompile>
    <ClCompile Include="3DFeatureExtract\fftw\ftw_7.cpp">
      <Filter>Source Files</Filter>
    </ClCompile>
    <ClCompile Include="3DFeatureExtract\fftw\ftw_8.cpp">
      <Filter>Source Files</Filter>
    </ClCompile>
    <ClCompile Include="3DFeatureExtract\fftw\ftw_9.cpp">
      <Filter>Source Files</Filter>
    </ClCompile>
    <ClCompile Include="3DFeatureExtract\fftw\ftwi_10.cpp">
      <Filter>Source Files</Filter>
    </ClCompile>
    <ClCompile Include="3DFeatureExtract\fftw\ftwi_16.cpp">
      <Filter>Source Files</Filter>
    </ClCompile>
    <ClCompile Include="3DFeatureExtract\fftw\ftwi_2.cpp">
      <Filter>Source Files</Filter>
    </ClCompile>
    <ClCompile Include="3DFeatureExtract\fftw\ftwi_3.cpp">
      <Filter>Source Files</Filter>
    </ClCompile>
    <ClCompile Include="3DFeatureExtract\fftw\ftwi_32.cpp">
      <Filter>Source Files</Filter>
    </ClCompile>
    <ClCompile Include="3DFeatureExtract\fftw\ftwi_4.cpp">
      <Filter>Source Files</Filter>
    </ClCompile>
    <ClCompile Include="3DFeatureExtract\fftw\ftwi_5.cpp">
      <Filter>Source Files</Filter>
    </ClCompile>
    <ClCompile Include="3DFeatureExtract\fftw\ftwi_6.cpp">
      <Filter>Source Files</Filter>
    </ClCompile>
    <ClCompile Include="3DFeatureExtract\fftw\ftwi_64.cpp">
      <Filter>Source Files</Filter>
    </ClCompile>
    <ClCompile Include="3DFeatureExtract\fftw\ftwi_7.cpp">
      <Filter>Source Files</Filter>
    </ClCompile>
    <ClCompile Include="3DFeatureExtract\fftw\ftwi_8.cpp">
      <Filter>Source Files</Filter>
    </ClCompile>
    <ClCompile Include="3DFeatureExtract\fftw\ftwi_9.cpp">
      <Filter>Source Files</Filter>
    </ClCompile>
    <ClCompile Include="3DFeatureExtract\fftw\generic.cpp">
      <Filter>Source Files</Filter>
    </ClCompile>
    <ClCompile Include="trimesh\lmsmooth.cc">
      <Filter>Source Files</Filter>
    </ClCompile>
    <ClCompile Include="main.cpp">
      <Filter>Source Files</Filter>
    </ClCompile>
    <ClCompile Include="mainwindow.cpp">
      <Filter>Source Files</Filter>
    </ClCompile>
    <ClCompile Include="3DFeatureExtract\fftw\malloc.cpp">
      <Filter>Source Files</Filter>
    </ClCompile>
    <ClCompile Include="mersenne-twister.cpp">
      <Filter>Source Files</Filter>
    </ClCompile>
    <ClCompile Include="trimesh\overlap.cc">
      <Filter>Source Files</Filter>
    </ClCompile>
    <ClCompile Include="3DFeatureExtract\fftw\planner.cpp">
      <Filter>Source Files</Filter>
    </ClCompile>
    <ClCompile Include="3DFeatureExtract\fftw\putils.cpp">
      <Filter>Source Files</Filter>
    </ClCompile>
    <ClCompile Include="3DFeatureExtract\fftw\rader.cpp">
      <Filter>Source Files</Filter>
    </ClCompile>
    <ClCompile Include="3DFeatureExtract\fftw\rconfig.cpp">
      <Filter>Source Files</Filter>
    </ClCompile>
    <ClCompile Include="trimesh\remove.cc">
      <Filter>Source Files</Filter>
    </ClCompile>
    <ClCompile Include="trimesh\reorder_verts.cc">
      <Filter>Source Files</Filter>
    </ClCompile>
    <ClCompile Include="3DFeatureExtract\fftw\rexec.cpp">
      <Filter>Source Files</Filter>
    </ClCompile>
    <ClCompile Include="3DFeatureExtract\fftw\rexec2.cpp">
      <Filter>Source Files</Filter>
    </ClCompile>
    <ClCompile Include="3DFeatureExtract\fftw\rfftwf77.cpp">
      <Filter>Source Files</Filter>
    </ClCompile>
    <ClCompile Include="3DFeatureExtract\fftw\rfftwnd.cpp">
      <Filter>Source Files</Filter>
    </ClCompile>
    <ClCompile Include="3DFeatureExtract\fftw\rgeneric.cpp">
      <Filter>Source Files</Filter>
    </ClCompile>
    <ClCompile Include="3DFeatureExtract\fftw\rplanner.cpp">
      <Filter>Source Files</Filter>
    </ClCompile>
    <ClCompile Include="3DSearch\search.cpp">
      <Filter>Source Files</Filter>
    </ClCompile>
    <ClCompile Include="trimesh\shared.cc">
      <Filter>Source Files</Filter>
    </ClCompile>
    <ClCompile Include="trimesh\subdiv.cc">
      <Filter>Source Files</Filter>
    </ClCompile>
    <ClCompile Include="3DFeatureExtract\thin.cpp">
      <Filter>Source Files</Filter>
    </ClCompile>
    <ClCompile Include="3DFeatureExtract\fftw\timer.cpp">
      <Filter>Source Files</Filter>
    </ClCompile>
    <ClCompile Include="3DFeatureExtract\fftw\twiddle.cpp">
      <Filter>Source Files</Filter>
    </ClCompile>
    <ClCompile Include="3DFeatureExtract\fftw\wisdom.cpp">
      <Filter>Source Files</Filter>
    </ClCompile>
    <ClCompile Include="3DFeatureExtract\fftw\wisdomio.cpp">
      <Filter>Source Files</Filter>
    </ClCompile>
  </ItemGroup>
  <ItemGroup>
    <ClInclude Include="BaseFunction.h">
      <Filter>Header Files</Filter>
    </ClInclude>
    <ClInclude Include="BaseStruct.h">
      <Filter>Header Files</Filter>
    </ClInclude>
    <ClInclude Include="3DFeatureExtract\Bitmap.h">
      <Filter>Header Files</Filter>
    </ClInclude>
    <ClInclude Include="trimesh\Box.h">
      <Filter>Header Files</Filter>
    </ClInclude>
    <ClInclude Include="3DFeatureExtract\Circularity.h">
      <Filter>Header Files</Filter>
    </ClInclude>
    <ClInclude Include="trimesh\Color.h">
      <Filter>Header Files</Filter>
    </ClInclude>
    <ClInclude Include="3DFeatureExtract\ColorDescriptor.h">
      <Filter>Header Files</Filter>
    </ClInclude>
    <ClInclude Include="ImageSeg\CvvImage.h">
      <Filter>Header Files</Filter>
    </ClInclude>
    <ClInclude Include="3DFeatureExtract\Ds.h">
      <Filter>Header Files</Filter>
    </ClInclude>
    <ClInclude Include="3DFeatureExtract\Eccentricity.h">
      <Filter>Header Files</Filter>
    </ClInclude>
    <ClInclude Include="3DFeatureExtract\Edge.h">
      <Filter>Header Files</Filter>
    </ClInclude>
    <ClInclude Include="3DFeatureExtract\FeatureExtract.h">
      <Filter>Header Files</Filter>
    </ClInclude>
    <ClInclude Include="3DFeatureExtract\FourierDescriptor.h">
      <Filter>Header Files</Filter>
    </ClInclude>
    <ClInclude Include="trimesh\GLCamera.h">
      <Filter>Header Files</Filter>
    </ClInclude>
    <ClInclude Include="Global.h">
      <Filter>Header Files</Filter>
    </ClInclude>
    <ClInclude Include="trimesh\ICP.h">
      <Filter>Header Files</Filter>
    </ClInclude>
    <ClInclude Include="trimesh\KDtree.h">
      <Filter>Header Files</Filter>
    </ClInclude>
    <ClInclude Include="3DFeatureExtract\MORPHOLOGY.h">
      <Filter>Header Files</Filter>
    </ClInclude>
    <ClInclude Include="Material.h">
      <Filter>Header Files</Filter>
    </ClInclude>
    <ClInclude Include="MathLib.h">
      <Filter>Header Files</Filter>
    </ClInclude>
    <ClInclude Include="ImageSeg\MeanShift.h">
      <Filter>Header Files</Filter>
    </ClInclude>
    <ClInclude Include="Model.h">
      <Filter>Header Files</Filter>
    </ClInclude>
    <CustomBuild Include="QModelListDialog.h">
      <Filter>Header Files</Filter>
    </CustomBuild>
    <CustomBuild Include="QPictureDisplay.h">
      <Filter>Header Files</Filter>
    </CustomBuild>
    <CustomBuild Include="QSceneDisplay.h">
      <Filter>Header Files</Filter>
    </CustomBuild>
    <CustomBuild Include="QSearchListDisplay.h">
      <Filter>Header Files</Filter>
    </CustomBuild>
    <CustomBuild Include="QSegPictureDisplay.h">
      <Filter>Header Files</Filter>
    </CustomBuild>
    <CustomBuild Include="QSetRelationDialog.h">
      <Filter>Header Files</Filter>
    </CustomBuild>
    <CustomBuild Include="QTagDisplay.h">
      <Filter>Header Files</Filter>
    </CustomBuild>
    <ClInclude Include="3DFeatureExtract\RWObj.h">
      <Filter>Header Files</Filter>
    </ClInclude>
    <ClInclude Include="3DFeatureExtract\RecovAffine.h">
      <Filter>Header Files</Filter>
    </ClInclude>
    <ClInclude Include="3DFeatureExtract\RegionShape.h">
      <Filter>Header Files</Filter>
    </ClInclude>
    <ClInclude Include="3DFeatureExtract\Rotate.h">
      <Filter>Header Files</Filter>
    </ClInclude>
    <CustomBuild Include="Scene.h">
      <Filter>Header Files</Filter>
    </CustomBuild>
    <ClInclude Include="ImageSeg\SegObject.h">
      <Filter>Header Files</Filter>
    </ClInclude>
    <ClInclude Include="3DFeatureExtract\TraceContour.h">
      <Filter>Header Files</Filter>
    </ClInclude>
    <ClInclude Include="3DFeatureExtract\TranslateScale.h">
      <Filter>Header Files</Filter>
    </ClInclude>
    <ClInclude Include="trimesh\TriMesh.h">
      <Filter>Header Files</Filter>
    </ClInclude>
    <ClInclude Include="trimesh\TriMesh_algo.h">
      <Filter>Header Files</Filter>
    </ClInclude>
    <ClInclude Include="trimesh\Vec.h">
      <Filter>Header Files</Filter>
    </ClInclude>
    <ClInclude Include="trimesh\XForm.h">
      <Filter>Header Files</Filter>
    </ClInclude>
    <ClInclude Include="trimesh\bsphere.h">
      <Filter>Header Files</Filter>
    </ClInclude>
    <ClInclude Include="3DFeatureExtract\fftw\config.h">
      <Filter>Header Files</Filter>
    </ClInclude>
    <ClInclude Include="3DFeatureExtract\convert.h">
      <Filter>Header Files</Filter>
    </ClInclude>
    <ClInclude Include="3DSearch\ds.h">
      <Filter>Header Files</Filter>
    </ClInclude>
    <ClInclude Include="3DFeatureExtract\fftw\f77_func.h">
      <Filter>Header Files</Filter>
    </ClInclude>
    <ClInclude Include="3DFeatureExtract\fftw\fftw-int.h">
      <Filter>Header Files</Filter>
    </ClInclude>
    <ClInclude Include="3DFeatureExtract\fftw\fftw.h">
      <Filter>Header Files</Filter>
    </ClInclude>
    <ClInclude Include="trimesh\lineqn.h">
      <Filter>Header Files</Filter>
    </ClInclude>
    <CustomBuild Include="mainwindow.h">
      <Filter>Header Files</Filter>
    </CustomBuild>
    <ClInclude Include="trimesh\mempool.h">
      <Filter>Header Files</Filter>
    </ClInclude>
    <ClInclude Include="mersenne-twister.h">
      <Filter>Header Files</Filter>
    </ClInclude>
    <ClInclude Include="trimesh\noise3d.h">
      <Filter>Header Files</Filter>
    </ClInclude>
    <ClInclude Include="3DFeatureExtract\fftw\rfftw.h">
      <Filter>Header Files</Filter>
    </ClInclude>
    <ClInclude Include="3DSearch\search.h">
      <Filter>Header Files</Filter>
    </ClInclude>
    <ClInclude Include="trimesh\strutil.h">
      <Filter>Header Files</Filter>
    </ClInclude>
    <ClInclude Include="3DFeatureExtract\thin.h">
      <Filter>Header Files</Filter>
    </ClInclude>
    <ClInclude Include="trimesh\timestamp.h">
      <Filter>Header Files</Filter>
    </ClInclude>
  </ItemGroup>
  <ItemGroup>
    <ClCompile Include="debug\moc_QModelListDialog.cpp">
      <Filter>Generated Files</Filter>
    </ClCompile>
    <ClCompile Include="release\moc_QModelListDialog.cpp">
      <Filter>Generated Files</Filter>
    </ClCompile>
    <ClCompile Include="debug\moc_QPictureDisplay.cpp">
      <Filter>Generated Files</Filter>
    </ClCompile>
    <ClCompile Include="release\moc_QPictureDisplay.cpp">
      <Filter>Generated Files</Filter>
    </ClCompile>
    <ClCompile Include="debug\moc_QSceneDisplay.cpp">
      <Filter>Generated Files</Filter>
    </ClCompile>
    <ClCompile Include="release\moc_QSceneDisplay.cpp">
      <Filter>Generated Files</Filter>
    </ClCompile>
    <ClCompile Include="debug\moc_QSearchListDisplay.cpp">
      <Filter>Generated Files</Filter>
    </ClCompile>
    <ClCompile Include="release\moc_QSearchListDisplay.cpp">
      <Filter>Generated Files</Filter>
    </ClCompile>
    <ClCompile Include="debug\moc_QSegPictureDisplay.cpp">
      <Filter>Generated Files</Filter>
    </ClCompile>
    <ClCompile Include="release\moc_QSegPictureDisplay.cpp">
      <Filter>Generated Files</Filter>
    </ClCompile>
    <ClCompile Include="debug\moc_QSetRelationDialog.cpp">
      <Filter>Generated Files</Filter>
    </ClCompile>
    <ClCompile Include="release\moc_QSetRelationDialog.cpp">
      <Filter>Generated Files</Filter>
    </ClCompile>
    <ClCompile Include="debug\moc_QTagDisplay.cpp">
      <Filter>Generated Files</Filter>
    </ClCompile>
    <ClCompile Include="release\moc_QTagDisplay.cpp">
      <Filter>Generated Files</Filter>
    </ClCompile>
    <ClCompile Include="debug\moc_Scene.cpp">
      <Filter>Generated Files</Filter>
    </ClCompile>
    <ClCompile Include="release\moc_Scene.cpp">
      <Filter>Generated Files</Filter>
    </ClCompile>
    <ClCompile Include="debug\moc_mainwindow.cpp">
      <Filter>Generated Files</Filter>
    </ClCompile>
    <ClCompile Include="release\moc_mainwindow.cpp">
      <Filter>Generated Files</Filter>
    </ClCompile>
    <ClCompile Include="debug\qrc_QSceneEdit.cpp">
      <Filter>Generated Files</Filter>
    </ClCompile>
    <ClCompile Include="release\qrc_QSceneEdit.cpp">
      <Filter>Generated Files</Filter>
    </ClCompile>
    <ClInclude Include="ui_mainwindow.h">
      <Filter>Generated Files</Filter>
    </ClInclude>
  </ItemGroup>
  <ItemGroup>
    <CustomBuild Include="mainwindow.ui">
      <Filter>Form Files</Filter>
    </CustomBuild>
  </ItemGroup>
  <ItemGroup>
    <CustomBuild Include="QSceneEdit.qrc">
      <Filter>Resource Files</Filter>
    </CustomBuild>
    <None Include="image\SearchInseatObject.png">
      <Filter>Resource Files</Filter>
    </None>
    <None Include="image\brush.png">
      <Filter>Resource Files</Filter>
    </None>
    <None Include="image\choose.png">
      <Filter>Resource Files</Filter>
    </None>
    <None Include="image\contextSearch.png">
      <Filter>Resource Files</Filter>
    </None>
    <None Include="image\display.png">
      <Filter>Resource Files</Filter>
    </None>
    <None Include="image\eraser.png">
      <Filter>Resource Files</Filter>
    </None>
    <None Include="image\obj_rotate.png">
      <Filter>Resource Files</Filter>
    </None>
    <None Include="image\obj_trans.png">
      <Filter>Resource Files</Filter>
    </None>
    <None Include="image\open.png">
      <Filter>Resource Files</Filter>
    </None>
    <None Include="image\pickup.png">
      <Filter>Resource Files</Filter>
    </None>
    <None Include="image\relationship.png">
      <Filter>Resource Files</Filter>
    </None>
    <None Include="image\rotate.png">
      <Filter>Resource Files</Filter>
    </None>
    <None Include="image\save.png">
      <Filter>Resource Files</Filter>
    </None>
    <None Include="image\search.png">
      <Filter>Resource Files</Filter>
    </None>
    <None Include="image\segment.png">
      <Filter>Resource Files</Filter>
    </None>
    <None Include="image\trans.png">
      <Filter>Resource Files</Filter>
    </None>
  </ItemGroup>
</Project>